<?xml version="1.0" encoding="utf-8"?>
<Project ToolsVersion="4.0" xmlns="http://schemas.microsoft.com/developer/msbuild/2003">
  <ItemGroup>
    <ClCompile Include="CollisionMgr.cpp">
      <Filter>97. Manager\00. CollisionMgr</Filter>
    </ClCompile>
    <ClCompile Include="KeyMgr.cpp">
      <Filter>97. Manager\01. KeyMgr</Filter>
    </ClCompile>
    <ClCompile Include="Timer.cpp">
      <Filter>96. UI\00. Timer</Filter>
    </ClCompile>
    <ClCompile Include="Game_HAEHO.cpp">
      <Filter>97. Manager\95. Scene\02. Game_HAEHO</Filter>
    </ClCompile>
    <ClCompile Include="Game_JUN.cpp">
      <Filter>97. Manager\95. Scene\03. Game_JUN</Filter>
    </ClCompile>
    <ClCompile Include="Game_SEOK.cpp">
      <Filter>97. Manager\95. Scene\01. Game_SEOK</Filter>
    </ClCompile>
    <ClCompile Include="Game_SON.cpp">
      <Filter>97. Manager\95. Scene\00. Game_SON</Filter>
    </ClCompile>
    <ClCompile Include="MyMenu.cpp">
      <Filter>97. Manager\95. Scene\04. MyMenu</Filter>
    </ClCompile>
    <ClCompile Include="Scene.cpp">
      <Filter>97. Manager\95. Scene</Filter>
    </ClCompile>
    <ClCompile Include="SceneMgr.cpp">
      <Filter>97. Manager\02. SceneMgr</Filter>
    </ClCompile>
    <ClCompile Include="ScrollMgr.cpp">
      <Filter>97. Manager\03. ScrollMgr</Filter>
    </ClCompile>
    <ClCompile Include="LineMgr.cpp">
      <Filter>97. Manager\04. LineMgr</Filter>
    </ClCompile>
    <ClCompile Include="Obj.cpp">
      <Filter>01. Obj</Filter>
    </ClCompile>
    <ClCompile Include="Line.cpp">
      <Filter>97. Manager\04. LineMgr\00. Line</Filter>
    </ClCompile>
    <ClCompile Include="Label.cpp">
      <Filter>96. UI\01. Label</Filter>
    </ClCompile>
    <ClCompile Include="MainGame.cpp">
      <Filter>00. MainGame</Filter>
    </ClCompile>
    <ClCompile Include="ObjMgr.cpp">
      <Filter>97. Manager\05. ObjMgr</Filter>
    </ClCompile>
    <ClCompile Include="UIManager.cpp">
      <Filter>97. Manager\06. UIMgr</Filter>
    </ClCompile>
    <ClCompile Include="UI.cpp">
      <Filter>96. UI</Filter>
    </ClCompile>
    <ClCompile Include="Player_JUN.cpp">
      <Filter>01. Obj\00. Player\00. Player_JUN</Filter>
    </ClCompile>
    <ClCompile Include="Player_Seok.cpp">
      <Filter>01. Obj\00. Player\01. Player_SEOK</Filter>
    </ClCompile>
    <ClCompile Include="TileMgr.cpp">
      <Filter>97. Manager\07. TileMgr</Filter>
    </ClCompile>
    <ClCompile Include="Tile.cpp">
      <Filter>97. Manager\07. TileMgr\00. Tile</Filter>
    </ClCompile>
    <ClCompile Include="Team3.cpp">
      <Filter>소스 파일</Filter>
    </ClCompile>
    <ClCompile Include="stdafx.cpp">
      <Filter>소스 파일</Filter>
    </ClCompile>
    <ClCompile Include="Stage.cpp">
      <Filter>97. Manager\95. Scene\05. Stage</Filter>
    </ClCompile>
    <ClCompile Include="JUNLineMgr.cpp">
      <Filter>97. Manager\08. JUNLineMgr</Filter>
    </ClCompile>
    <ClCompile Include="JUNLine.cpp">
      <Filter>97. Manager\08. JUNLineMgr\JUNLine</Filter>
    </ClCompile>
    <ClCompile Include="LongLine.cpp">
      <Filter>97. Manager\08. JUNLineMgr\JUNLine_Long</Filter>
    </ClCompile>
    <ClCompile Include="Item_JUN.cpp">
      <Filter>01. Obj\01. Item\00. Item_JUN</Filter>
    </ClCompile>
    <ClCompile Include="Player_SON.cpp">
      <Filter>01. Obj\00. Player\02. Player_SON</Filter>
    <ClCompile Include="Player_Ho.cpp">
      <Filter>01. Obj\00. Player\02. Player_HO</Filter>
    </ClCompile>
    <ClCompile Include="Monster_HO.cpp">
      <Filter>01. Obj\01. Monster</Filter>
    </ClCompile>
    <ClCompile Include="Bullet_HO.cpp">
      <Filter>01. Obj\02. Bullet</Filter>
    </ClCompile>
    <ClCompile Include="Wall_HO.cpp">
      <Filter>01. Obj\03. Wall</Filter>
    <ClCompile Include="Bullet_Seok.cpp">
      <Filter>01. Obj\01. Bullet</Filter>
    </ClCompile>
    <ClCompile Include="Monster_SEOK.cpp">
      <Filter>01. Obj\02.Monster\01. Monster_SEOK</Filter>
    </ClCompile>
  </ItemGroup>
  <ItemGroup>
    <ClInclude Include="AbstractFactory.h">
      <Filter>98. AbstractFactory</Filter>
    </ClInclude>
    <ClInclude Include="CollisionMgr.h">
      <Filter>97. Manager\00. CollisionMgr</Filter>
    </ClInclude>
    <ClInclude Include="Define.h">
      <Filter>99. Header</Filter>
    </ClInclude>
    <ClInclude Include="Enum.h">
      <Filter>99. Header</Filter>
    </ClInclude>
    <ClInclude Include="Functor.h">
      <Filter>99. Header</Filter>
    </ClInclude>
    <ClInclude Include="Include.h">
      <Filter>99. Header</Filter>
    </ClInclude>
    <ClInclude Include="KeyMgr.h">
      <Filter>97. Manager\01. KeyMgr</Filter>
    </ClInclude>
    <ClInclude Include="Timer.h">
      <Filter>96. UI\00. Timer</Filter>
    </ClInclude>
    <ClInclude Include="Game_HAEHO.h">
      <Filter>97. Manager\95. Scene\02. Game_HAEHO</Filter>
    </ClInclude>
    <ClInclude Include="Game_JUN.h">
      <Filter>97. Manager\95. Scene\03. Game_JUN</Filter>
    </ClInclude>
    <ClInclude Include="Game_SEOK.h">
      <Filter>97. Manager\95. Scene\01. Game_SEOK</Filter>
    </ClInclude>
    <ClInclude Include="Game_SON.h">
      <Filter>97. Manager\95. Scene\00. Game_SON</Filter>
    </ClInclude>
    <ClInclude Include="MyMenu.h">
      <Filter>97. Manager\95. Scene\04. MyMenu</Filter>
    </ClInclude>
    <ClInclude Include="Scene.h">
      <Filter>97. Manager\95. Scene</Filter>
    </ClInclude>
    <ClInclude Include="SceneMgr.h">
      <Filter>97. Manager\02. SceneMgr</Filter>
    </ClInclude>
    <ClInclude Include="ScrollMgr.h">
      <Filter>97. Manager\03. ScrollMgr</Filter>
    </ClInclude>
    <ClInclude Include="LineMgr.h">
      <Filter>97. Manager\04. LineMgr</Filter>
    </ClInclude>
    <ClInclude Include="Obj.h">
      <Filter>01. Obj</Filter>
    </ClInclude>
    <ClInclude Include="Line.h">
      <Filter>97. Manager\04. LineMgr\00. Line</Filter>
    </ClInclude>
    <ClInclude Include="Label.h">
      <Filter>96. UI\01. Label</Filter>
    </ClInclude>
    <ClInclude Include="MainGame.h">
      <Filter>00. MainGame</Filter>
    </ClInclude>
    <ClInclude Include="ObjMgr.h">
      <Filter>97. Manager\05. ObjMgr</Filter>
    </ClInclude>
    <ClInclude Include="UIManager.h">
      <Filter>97. Manager\06. UIMgr</Filter>
    </ClInclude>
    <ClInclude Include="UI.h">
      <Filter>96. UI</Filter>
    </ClInclude>
    <ClInclude Include="Player_JUN.h">
      <Filter>01. Obj\00. Player\00. Player_JUN</Filter>
    </ClInclude>
    <ClInclude Include="TileMgr.h">
      <Filter>97. Manager\07. TileMgr</Filter>
    </ClInclude>
    <ClInclude Include="Tile.h">
      <Filter>97. Manager\07. TileMgr\00. Tile</Filter>
    </ClInclude>
    <ClInclude Include="stdafx.h">
      <Filter>헤더 파일</Filter>
    </ClInclude>
    <ClInclude Include="targetver.h">
      <Filter>헤더 파일</Filter>
    </ClInclude>
    <ClInclude Include="Team3.h">
      <Filter>헤더 파일</Filter>
    </ClInclude>
    <ClInclude Include="Resource.h">
      <Filter>헤더 파일</Filter>
    </ClInclude>
    <ClInclude Include="Stage.h">
      <Filter>97. Manager\95. Scene\05. Stage</Filter>
    </ClInclude>
    <ClInclude Include="JUNLineMgr.h">
      <Filter>97. Manager\08. JUNLineMgr</Filter>
    </ClInclude>
    <ClInclude Include="JUNLine.h">
      <Filter>97. Manager\08. JUNLineMgr\JUNLine</Filter>
    </ClInclude>
    <ClInclude Include="LongLine.h">
      <Filter>97. Manager\08. JUNLineMgr\JUNLine_Long</Filter>
    </ClInclude>
    <ClInclude Include="RandomMgr.h">
      <Filter>97. Manager\09. RandomMgr</Filter>
    </ClInclude>
    <ClInclude Include="Item_JUN.h">
      <Filter>01. Obj\01. Item\00. Item_JUN</Filter>
    </ClInclude>

    <ClInclude Include="Struct.h">
      <Filter>99. Header</Filter>
    </ClInclude>
    <ClInclude Include="Player_SON.h">
      <Filter>01. Obj\00. Player\02. Player_SON</Filter>

    <ClInclude Include="Player_Ho.h">
      <Filter>01. Obj\00. Player\02. Player_HO</Filter>
    </ClInclude>
    <ClInclude Include="Monster_HO.h">
      <Filter>01. Obj\01. Monster</Filter>
    </ClInclude>
    <ClInclude Include="Bullet_HO.h">
      <Filter>01. Obj\02. Bullet</Filter>
    </ClInclude>
    <ClInclude Include="Wall_HO.h">
      <Filter>01. Obj\03. Wall</Filter>
    <ClInclude Include="Bullet_Seok.h">
      <Filter>01. Obj\01. Bullet</Filter>
    </ClInclude>
    <ClInclude Include="Player_Seok.h">
      <Filter>01. Obj\00. Player\01. Player_SEOK</Filter>
    </ClInclude>
    <ClInclude Include="Monster_SEOK.h">
      <Filter>01. Obj\02.Monster\01. Monster_SEOK</Filter>

    </ClInclude>
  </ItemGroup>
  <ItemGroup>
    <Image Include="small.ico">
      <Filter>리소스 파일</Filter>
    </Image>
    <Image Include="Team3.ico">
      <Filter>리소스 파일</Filter>
    </Image>
  </ItemGroup>
  <ItemGroup>
    <Text Include="ReadMe.txt" />
  </ItemGroup>
  <ItemGroup>
    <Filter Include="99. Header">
      <UniqueIdentifier>{a82d2c5f-6cbe-41f0-abbb-740781f11e62}</UniqueIdentifier>
    </Filter>
    <Filter Include="00. MainGame">
      <UniqueIdentifier>{2cbc5f97-be53-4563-a491-67c540fb6ef0}</UniqueIdentifier>
    </Filter>
    <Filter Include="01. Obj">
      <UniqueIdentifier>{67db5a87-9219-4005-a396-2f0ce2dd08ce}</UniqueIdentifier>
    </Filter>
    <Filter Include="98. AbstractFactory">
      <UniqueIdentifier>{4fe811bb-8f5e-4135-9de2-09a1b4402a82}</UniqueIdentifier>
    </Filter>
    <Filter Include="97. Manager">
      <UniqueIdentifier>{6b278463-e7cc-47d4-9730-d02d7823b931}</UniqueIdentifier>
    </Filter>
    <Filter Include="97. Manager\00. CollisionMgr">
      <UniqueIdentifier>{56b9c32c-e05f-4ded-a8bd-1c2037e737cc}</UniqueIdentifier>
    </Filter>
    <Filter Include="97. Manager\01. KeyMgr">
      <UniqueIdentifier>{85f1d503-48ca-4926-a99d-92d68f2ec235}</UniqueIdentifier>
    </Filter>
    <Filter Include="96. UI">
      <UniqueIdentifier>{44c694f4-4d7e-4913-a105-05804c1b7b28}</UniqueIdentifier>
    </Filter>
    <Filter Include="96. UI\00. Timer">
      <UniqueIdentifier>{9b1313c2-5f05-49c1-812b-501d4a298dd8}</UniqueIdentifier>
    </Filter>
    <Filter Include="97. Manager\02. SceneMgr">
      <UniqueIdentifier>{90604270-9cfe-48b4-a722-a5430070fb84}</UniqueIdentifier>
    </Filter>
    <Filter Include="97. Manager\03. ScrollMgr">
      <UniqueIdentifier>{6584fa2c-eefd-406c-bcfc-19ef54a55430}</UniqueIdentifier>
    </Filter>
    <Filter Include="97. Manager\04. LineMgr">
      <UniqueIdentifier>{fcd877c6-c185-49e6-8f26-29ac52c4762e}</UniqueIdentifier>
    </Filter>
    <Filter Include="97. Manager\04. LineMgr\00. Line">
      <UniqueIdentifier>{44a49168-0dda-46fb-a74e-7f0bd7d4c0ea}</UniqueIdentifier>
    </Filter>
    <Filter Include="96. UI\01. Label">
      <UniqueIdentifier>{e8e6105b-588e-4d11-a869-7b19c2f1184b}</UniqueIdentifier>
    </Filter>
    <Filter Include="97. Manager\05. ObjMgr">
      <UniqueIdentifier>{52bd2054-f2c2-4349-82e8-68fd61548392}</UniqueIdentifier>
    </Filter>
    <Filter Include="97. Manager\06. UIMgr">
      <UniqueIdentifier>{31d16f0f-e49d-4048-80a3-2870f5ee5449}</UniqueIdentifier>
    </Filter>
    <Filter Include="01. Obj\00. Player">
      <UniqueIdentifier>{2b3b4cad-e97b-4486-bc20-c7c9893281ff}</UniqueIdentifier>
    </Filter>
    <Filter Include="01. Obj\00. Player\00. Player_JUN">
      <UniqueIdentifier>{f436f7c8-d620-4082-9308-54f23c7abd75}</UniqueIdentifier>
    </Filter>
    <Filter Include="01. Obj\00. Player\01. Player_SEOK">
      <UniqueIdentifier>{7e504b45-104e-4325-bc2f-8efafccab431}</UniqueIdentifier>
    </Filter>
    <Filter Include="97. Manager\07. TileMgr">
      <UniqueIdentifier>{50b8927b-47d5-481d-b6ab-593f8c0b33b4}</UniqueIdentifier>
    </Filter>
    <Filter Include="97. Manager\07. TileMgr\00. Tile">
      <UniqueIdentifier>{ef16b14e-39b5-44eb-92fa-0eb8c6c8c004}</UniqueIdentifier>
    </Filter>
    <Filter Include="리소스 파일">
      <UniqueIdentifier>{298d2d70-6008-4870-acef-87ec8e732d6e}</UniqueIdentifier>
    </Filter>
    <Filter Include="소스 파일">
      <UniqueIdentifier>{c6cc8828-eb32-464e-90b9-e0249c95c75e}</UniqueIdentifier>
    </Filter>
    <Filter Include="헤더 파일">
      <UniqueIdentifier>{286c2065-46d5-49c3-b47c-87b0770ad276}</UniqueIdentifier>
    </Filter>
    <Filter Include="97. Manager\08. JUNLineMgr">
      <UniqueIdentifier>{0c1aaa0d-2261-4627-9097-3daba20f2a06}</UniqueIdentifier>
    </Filter>
    <Filter Include="97. Manager\08. JUNLineMgr\JUNLine">
      <UniqueIdentifier>{aeb39ac3-5e79-4a02-a807-f89976297b6b}</UniqueIdentifier>
    </Filter>
    <Filter Include="97. Manager\08. JUNLineMgr\JUNLine_Long">
      <UniqueIdentifier>{7be13bb8-48bf-4d4c-9172-f2f5d3ee390e}</UniqueIdentifier>
    </Filter>
    <Filter Include="97. Manager\09. RandomMgr">
      <UniqueIdentifier>{01090482-fc9d-462f-9bde-147f09b0df83}</UniqueIdentifier>
    </Filter>
    <Filter Include="01. Obj\01. Item">
      <UniqueIdentifier>{ccdde590-44a3-44e2-8919-645d35962bf3}</UniqueIdentifier>
    </Filter>
    <Filter Include="01. Obj\01. Item\00. Item_JUN">
      <UniqueIdentifier>{a126da74-b37b-415c-9038-b53da872212f}</UniqueIdentifier>
    </Filter>
    <Filter Include="97. Manager\95. Scene">
      <UniqueIdentifier>{59fca284-8320-4adf-a3bc-6086aa7611e1}</UniqueIdentifier>
    </Filter>
    <Filter Include="97. Manager\95. Scene\00. Game_SON">
      <UniqueIdentifier>{bec7eea2-1ede-4b9f-a3e8-3f3ffc1d79c4}</UniqueIdentifier>
    </Filter>
    <Filter Include="97. Manager\95. Scene\01. Game_SEOK">
      <UniqueIdentifier>{9a94ee6b-2407-4787-8f05-b3c10b61d87a}</UniqueIdentifier>
    </Filter>
    <Filter Include="97. Manager\95. Scene\02. Game_HAEHO">
      <UniqueIdentifier>{3533abe9-5c5f-47d4-9218-131e148e5ff2}</UniqueIdentifier>
    </Filter>
    <Filter Include="97. Manager\95. Scene\03. Game_JUN">
      <UniqueIdentifier>{3e7c4022-bc0c-446e-b58b-98a860813f9c}</UniqueIdentifier>
    </Filter>
    <Filter Include="97. Manager\95. Scene\04. MyMenu">
      <UniqueIdentifier>{e937ef06-171b-42a1-874e-5aec7f2a3440}</UniqueIdentifier>
    </Filter>
    <Filter Include="97. Manager\95. Scene\05. Stage">
      <UniqueIdentifier>{0d32d2fd-8962-4656-a0ca-83b8b522585f}</UniqueIdentifier>

    <Filter Include="01. Obj\00. Player\02. Player_SON">
      <UniqueIdentifier>{8fcae6ac-4373-49b6-adcc-395b354d25fe}</UniqueIdentifier>

    <Filter Include="01. Obj\00. Player\02. Player_HO">
      <UniqueIdentifier>{10fbe40f-eb19-42c1-899c-607f181803a1}</UniqueIdentifier>
    </Filter>
    <Filter Include="01. Obj\01. Monster">
      <UniqueIdentifier>{ec20d229-cde5-49d3-97e7-d16514023272}</UniqueIdentifier>
    </Filter>
    <Filter Include="01. Obj\02. Bullet">
      <UniqueIdentifier>{a92018cb-fdd4-4723-a73f-f8d3dcf48689}</UniqueIdentifier>
    </Filter>
    <Filter Include="01. Obj\03. Wall">
      <UniqueIdentifier>{ce0143bc-2dc9-4386-8312-1ea2f489ceb7}</UniqueIdentifier>
    <Filter Include="01. Obj\01. Bullet">
      <UniqueIdentifier>{644fe489-f9e0-4460-93e4-6cdecb133809}</UniqueIdentifier>
    </Filter>
    <Filter Include="01. Obj\02.Monster">
      <UniqueIdentifier>{769df4eb-5835-4ce1-83ae-65205c3414ec}</UniqueIdentifier>
    </Filter>
    <Filter Include="01. Obj\02.Monster\01. Monster_SEOK">
      <UniqueIdentifier>{e9622f11-842f-452f-ba04-f9b056aef06d}</UniqueIdentifier>

    </Filter>
  </ItemGroup>
  <ItemGroup>
    <ResourceCompile Include="Team3.rc">
      <Filter>리소스 파일</Filter>
    </ResourceCompile>
  </ItemGroup>
</Project>