<?xml version="1.0" encoding="utf-8"?>
<Project ToolsVersion="4.0" xmlns="http://schemas.microsoft.com/developer/msbuild/2003">
  <ItemGroup>
    <ClCompile Include="MainGame.cpp">
      <Filter>00. MainGame</Filter>
    </ClCompile>
    <ClCompile Include="Obj.cpp">
      <Filter>01. Obj</Filter>
    </ClCompile>
    <ClCompile Include="Player_Ho.cpp">
      <Filter>01. Obj\00. Player\02. Player_HAEHO</Filter>
    </ClCompile>
    <ClCompile Include="Player_SON.cpp">
      <Filter>01. Obj\00. Player\03. Player_SON</Filter>
    </ClCompile>
    <ClCompile Include="Player_Seok.cpp">
      <Filter>01. Obj\00. Player\04. Player_SEOK</Filter>
    </ClCompile>
    <ClCompile Include="Player_JUN.cpp">
      <Filter>01. Obj\00. Player\01. Player_JUN</Filter>
    </ClCompile>
    <ClCompile Include="Item_JUN.cpp">
      <Filter>01. Obj\04. Item</Filter>
    </ClCompile>
    <ClCompile Include="Monster_HO.cpp">
      <Filter>01. Obj\02. Monster\00. Monster_HAEHO</Filter>
    </ClCompile>
    <ClCompile Include="Monster_SEOK.cpp">
      <Filter>01. Obj\02. Monster\01. Monster_SEOK</Filter>
    </ClCompile>
    <ClCompile Include="Game_HAEHO.cpp">
      <Filter>02. Scene\05. Game_HAEHO</Filter>
    </ClCompile>
    <ClCompile Include="Game_JUN.cpp">
      <Filter>02. Scene\02. Game_JUN</Filter>
    </ClCompile>
    <ClCompile Include="Game_SEOK.cpp">
      <Filter>02. Scene\04. Game_SEOK</Filter>
    </ClCompile>
    <ClCompile Include="Game_SON.cpp">
      <Filter>02. Scene\03. Game_SON</Filter>
    </ClCompile>
    <ClCompile Include="MyMenu.cpp">
      <Filter>02. Scene\00. Menu</Filter>
    </ClCompile>
    <ClCompile Include="Scene.cpp">
      <Filter>02. Scene</Filter>
    </ClCompile>
    <ClCompile Include="Stage.cpp">
      <Filter>02. Scene\01. Stage</Filter>
    </ClCompile>
    <ClCompile Include="Wall_HO.cpp">
      <Filter>01. Obj\03. Wall</Filter>
    </ClCompile>
    <ClCompile Include="Bullet_HO.cpp">
      <Filter>01. Obj\01. Bullet\01. Bullet_HO</Filter>
    </ClCompile>
    <ClCompile Include="Bullet_Seok.cpp">
      <Filter>01. Obj\01. Bullet\00. Bullet_SEOK</Filter>
    </ClCompile>
    <ClCompile Include="ObjMgr.cpp">
      <Filter>98. Mgr\01. ObjMgr</Filter>
    </ClCompile>
    <ClCompile Include="KeyMgr.cpp">
      <Filter>98. Mgr\02. KeyMgr</Filter>
    </ClCompile>
    <ClCompile Include="CollisionMgr.cpp">
      <Filter>98. Mgr\03. CollisionMgr</Filter>
    </ClCompile>
    <ClCompile Include="JUNLineMgr.cpp">
      <Filter>98. Mgr\04. LineMgr_JUN</Filter>
    </ClCompile>
    <ClCompile Include="JUNLine.cpp">
      <Filter>98. Mgr\04. LineMgr_JUN\00. JUNLine</Filter>
    </ClCompile>
    <ClCompile Include="LongLine.cpp">
      <Filter>98. Mgr\04. LineMgr_JUN\01. LongLine_JUN</Filter>
    </ClCompile>
    <ClCompile Include="LineMgr.cpp">
      <Filter>98. Mgr\05. LineMgr_SEOK</Filter>
    </ClCompile>
    <ClCompile Include="Line.cpp">
      <Filter>98. Mgr\05. LineMgr_SEOK\00. Line</Filter>
    </ClCompile>
    <ClCompile Include="SceneMgr.cpp">
      <Filter>98. Mgr\06. SceneMgr</Filter>
    </ClCompile>
    <ClCompile Include="ScrollMgr.cpp">
      <Filter>98. Mgr\07. ScrollMgr</Filter>
    </ClCompile>
    <ClCompile Include="TileMgr.cpp">
      <Filter>98. Mgr\09. TileMgr_SON</Filter>
    </ClCompile>
    <ClCompile Include="Tile.cpp">
      <Filter>01. Obj\05. Tile</Filter>
    </ClCompile>
    <ClCompile Include="UI.cpp">
      <Filter>97. UI</Filter>
    </ClCompile>
    <ClCompile Include="UIManager.cpp">
      <Filter>98. Mgr\10. UIMgr</Filter>
    </ClCompile>
    <ClCompile Include="Timer.cpp">
      <Filter>98. Mgr\11. Timer</Filter>
    </ClCompile>
    <ClCompile Include="stdafx.cpp">
      <Filter>소스</Filter>
    </ClCompile>
    <ClCompile Include="Team3.cpp">
      <Filter>소스</Filter>
    </ClCompile>
    <ClCompile Include="MyBmp_3.cpp">
      <Filter>96. MyBmp</Filter>
    </ClCompile>
    <ClCompile Include="BmpMgr_3.cpp">
      <Filter>96. MyBmp\00. BmpMgr</Filter>
    </ClCompile>
    <ClCompile Include="MyButton.cpp">
      <Filter>01. Obj\06. Button</Filter>
    </ClCompile>
  </ItemGroup>
  <ItemGroup>
    <ClInclude Include="Define.h">
      <Filter>99. Header</Filter>
    </ClInclude>
    <ClInclude Include="Enum.h">
      <Filter>99. Header</Filter>
    </ClInclude>
    <ClInclude Include="Functor.h">
      <Filter>99. Header</Filter>
    </ClInclude>
    <ClInclude Include="Include.h">
      <Filter>99. Header</Filter>
    </ClInclude>
    <ClInclude Include="MainGame.h">
      <Filter>00. MainGame</Filter>
    </ClInclude>
    <ClInclude Include="Obj.h">
      <Filter>01. Obj</Filter>
    </ClInclude>
    <ClInclude Include="Player_Ho.h">
      <Filter>01. Obj\00. Player\02. Player_HAEHO</Filter>
    </ClInclude>
    <ClInclude Include="Player_SON.h">
      <Filter>01. Obj\00. Player\03. Player_SON</Filter>
    </ClInclude>
    <ClInclude Include="Player_Seok.h">
      <Filter>01. Obj\00. Player\04. Player_SEOK</Filter>
    </ClInclude>
    <ClInclude Include="Player_JUN.h">
      <Filter>01. Obj\00. Player\01. Player_JUN</Filter>
    </ClInclude>
    <ClInclude Include="Item_JUN.h">
      <Filter>01. Obj\04. Item</Filter>
    </ClInclude>
    <ClInclude Include="Monster_HO.h">
      <Filter>01. Obj\02. Monster\00. Monster_HAEHO</Filter>
    </ClInclude>
    <ClInclude Include="Monster_SEOK.h">
      <Filter>01. Obj\02. Monster\01. Monster_SEOK</Filter>
    </ClInclude>
    <ClInclude Include="Game_HAEHO.h">
      <Filter>02. Scene\05. Game_HAEHO</Filter>
    </ClInclude>
    <ClInclude Include="Game_JUN.h">
      <Filter>02. Scene\02. Game_JUN</Filter>
    </ClInclude>
    <ClInclude Include="Game_SEOK.h">
      <Filter>02. Scene\04. Game_SEOK</Filter>
    </ClInclude>
    <ClInclude Include="Game_SON.h">
      <Filter>02. Scene\03. Game_SON</Filter>
    </ClInclude>
    <ClInclude Include="MyMenu.h">
      <Filter>02. Scene\00. Menu</Filter>
    </ClInclude>
    <ClInclude Include="Scene.h">
      <Filter>02. Scene</Filter>
    </ClInclude>
    <ClInclude Include="Stage.h">
      <Filter>02. Scene\01. Stage</Filter>
    </ClInclude>
    <ClInclude Include="Wall_HO.h">
      <Filter>01. Obj\03. Wall</Filter>
    </ClInclude>
    <ClInclude Include="Bullet_HO.h">
      <Filter>01. Obj\01. Bullet\01. Bullet_HO</Filter>
    </ClInclude>
    <ClInclude Include="Bullet_Seok.h">
      <Filter>01. Obj\01. Bullet\00. Bullet_SEOK</Filter>
    </ClInclude>
    <ClInclude Include="AbstractFactory.h">
      <Filter>98. Mgr\00. FactoryMgr</Filter>
    </ClInclude>
    <ClInclude Include="ObjMgr.h">
      <Filter>98. Mgr\01. ObjMgr</Filter>
    </ClInclude>
    <ClInclude Include="KeyMgr.h">
      <Filter>98. Mgr\02. KeyMgr</Filter>
    </ClInclude>
    <ClInclude Include="CollisionMgr.h">
      <Filter>98. Mgr\03. CollisionMgr</Filter>
    </ClInclude>
    <ClInclude Include="JUNLineMgr.h">
      <Filter>98. Mgr\04. LineMgr_JUN</Filter>
    </ClInclude>
    <ClInclude Include="JUNLine.h">
      <Filter>98. Mgr\04. LineMgr_JUN\00. JUNLine</Filter>
    </ClInclude>
    <ClInclude Include="LongLine.h">
      <Filter>98. Mgr\04. LineMgr_JUN\01. LongLine_JUN</Filter>
    </ClInclude>
    <ClInclude Include="LineMgr.h">
      <Filter>98. Mgr\05. LineMgr_SEOK</Filter>
    </ClInclude>
    <ClInclude Include="Line.h">
      <Filter>98. Mgr\05. LineMgr_SEOK\00. Line</Filter>
    </ClInclude>
    <ClInclude Include="SceneMgr.h">
      <Filter>98. Mgr\06. SceneMgr</Filter>
    </ClInclude>
    <ClInclude Include="ScrollMgr.h">
      <Filter>98. Mgr\07. ScrollMgr</Filter>
    </ClInclude>
    <ClInclude Include="RandomMgr.h">
      <Filter>98. Mgr\08. RandMgr</Filter>
    </ClInclude>
    <ClInclude Include="Struct.h">
      <Filter>99. Header</Filter>
    </ClInclude>
    <ClInclude Include="TileMgr.h">
      <Filter>98. Mgr\09. TileMgr_SON</Filter>
    </ClInclude>
    <ClInclude Include="Tile.h">
      <Filter>01. Obj\05. Tile</Filter>
    </ClInclude>
    <ClInclude Include="UI.h">
      <Filter>97. UI</Filter>
    </ClInclude>
    <ClInclude Include="UIManager.h">
      <Filter>98. Mgr\10. UIMgr</Filter>
    </ClInclude>
    <ClInclude Include="Timer.h">
      <Filter>98. Mgr\11. Timer</Filter>
    </ClInclude>
    <ClInclude Include="Resource.h">
      <Filter>헤더</Filter>
    </ClInclude>
    <ClInclude Include="stdafx.h">
      <Filter>헤더</Filter>
    </ClInclude>
    <ClInclude Include="targetver.h">
      <Filter>헤더</Filter>
    </ClInclude>
    <ClInclude Include="Team3.h">
      <Filter>헤더</Filter>
    </ClInclude>
    <ClInclude Include="MyBmp_3.h">
      <Filter>96. MyBmp</Filter>
    </ClInclude>
    <ClInclude Include="BmpMgr_3.h">
      <Filter>96. MyBmp\00. BmpMgr</Filter>
    </ClInclude>
    <ClInclude Include="MyButton.h">
      <Filter>01. Obj\06. Button</Filter>
    </ClInclude>
  </ItemGroup>
  <ItemGroup>
    <Image Include="small.ico">
      <Filter>리소스</Filter>
    </Image>
    <Image Include="Team3.ico">
      <Filter>리소스</Filter>
    </Image>
  </ItemGroup>
  <ItemGroup>
    <Text Include="ReadMe.txt" />
  </ItemGroup>
  <ItemGroup>
    <Filter Include="99. Header">
      <UniqueIdentifier>{f6edb313-0e9d-49a2-8a5d-f7559f121b86}</UniqueIdentifier>
    </Filter>
    <Filter Include="00. MainGame">
      <UniqueIdentifier>{84599cfe-5ded-49b7-be3b-1a9f491e27ac}</UniqueIdentifier>
    </Filter>
    <Filter Include="01. Obj">
      <UniqueIdentifier>{93923739-99d4-4956-9102-96b54b502940}</UniqueIdentifier>
    </Filter>
    <Filter Include="01. Obj\00. Player">
      <UniqueIdentifier>{ca5d0849-687d-49ec-b4c6-43a7c8f457a3}</UniqueIdentifier>
    </Filter>
    <Filter Include="01. Obj\01. Bullet">
      <UniqueIdentifier>{4b39834f-5888-4e87-ab12-40f5e77beef2}</UniqueIdentifier>
    </Filter>
    <Filter Include="01. Obj\02. Monster">
      <UniqueIdentifier>{870f803f-d2c4-42d5-9e7e-6908a58cd0d6}</UniqueIdentifier>
    </Filter>
    <Filter Include="01. Obj\03. Wall">
      <UniqueIdentifier>{81248837-5934-4b3b-9a0b-b38ada4cf740}</UniqueIdentifier>
    </Filter>
    <Filter Include="01. Obj\00. Player\00. MainPlayer">
      <UniqueIdentifier>{9fc12b6a-c4a9-48dc-933d-69ecb7396aa8}</UniqueIdentifier>
    </Filter>
    <Filter Include="01. Obj\00. Player\01. Player_JUN">
      <UniqueIdentifier>{fc2459af-f50b-4d49-8f41-cfaf939b1809}</UniqueIdentifier>
    </Filter>
    <Filter Include="01. Obj\00. Player\02. Player_HAEHO">
      <UniqueIdentifier>{3e3d03cf-8c6a-486a-b446-06982f46391c}</UniqueIdentifier>
    </Filter>
    <Filter Include="01. Obj\00. Player\03. Player_SON">
      <UniqueIdentifier>{63f885c9-8c13-4674-9f5e-2e59cf9ac709}</UniqueIdentifier>
    </Filter>
    <Filter Include="01. Obj\00. Player\04. Player_SEOK">
      <UniqueIdentifier>{3eca1982-7460-4e9d-90e4-4cd1693b5744}</UniqueIdentifier>
    </Filter>
    <Filter Include="01. Obj\04. Item">
      <UniqueIdentifier>{838708af-b231-41be-aa4f-b6a903959f76}</UniqueIdentifier>
    </Filter>
    <Filter Include="01. Obj\02. Monster\00. Monster_HAEHO">
      <UniqueIdentifier>{bd393844-efe4-456a-8e0e-49c25accdd68}</UniqueIdentifier>
    </Filter>
    <Filter Include="01. Obj\02. Monster\01. Monster_SEOK">
      <UniqueIdentifier>{736ccbe5-f91f-4c7d-b65a-e6ec663d6d89}</UniqueIdentifier>
    </Filter>
    <Filter Include="02. Scene">
      <UniqueIdentifier>{c4b327e4-2ce0-4168-a18f-6253d819e841}</UniqueIdentifier>
    </Filter>
    <Filter Include="02. Scene\00. Menu">
      <UniqueIdentifier>{3685e00c-4fda-4d2c-9346-4b376c31d4f3}</UniqueIdentifier>
    </Filter>
    <Filter Include="02. Scene\01. Stage">
      <UniqueIdentifier>{f78e585d-1007-44dd-8183-39cbb2e44bad}</UniqueIdentifier>
    </Filter>
    <Filter Include="02. Scene\02. Game_JUN">
      <UniqueIdentifier>{82e259ac-d7ab-4589-add0-c9f27bed7f2c}</UniqueIdentifier>
    </Filter>
    <Filter Include="02. Scene\03. Game_SON">
      <UniqueIdentifier>{4a061e0f-3aea-42d7-92e1-386d2e63539e}</UniqueIdentifier>
    </Filter>
    <Filter Include="02. Scene\04. Game_SEOK">
      <UniqueIdentifier>{e6459caa-e640-4809-beb5-cc1a87f8940c}</UniqueIdentifier>
    </Filter>
    <Filter Include="02. Scene\05. Game_HAEHO">
      <UniqueIdentifier>{594ecc5b-e409-4791-bb1d-425fd48afc63}</UniqueIdentifier>
    </Filter>
    <Filter Include="01. Obj\01. Bullet\00. Bullet_SEOK">
      <UniqueIdentifier>{936aa3c1-af9c-44cc-aac0-79aed0ce0c77}</UniqueIdentifier>
    </Filter>
    <Filter Include="01. Obj\01. Bullet\01. Bullet_HO">
      <UniqueIdentifier>{02730ed7-caf3-4413-8923-43db9247f649}</UniqueIdentifier>
    </Filter>
    <Filter Include="98. Mgr">
      <UniqueIdentifier>{0bee3f86-7097-4472-b99f-b63ae8a254f0}</UniqueIdentifier>
    </Filter>
    <Filter Include="98. Mgr\00. FactoryMgr">
      <UniqueIdentifier>{4dcce375-b0fa-4aaa-a9b5-50e9f1e381f3}</UniqueIdentifier>
    </Filter>
    <Filter Include="98. Mgr\01. ObjMgr">
      <UniqueIdentifier>{e92faa86-01cd-4a23-9257-dff121bb377b}</UniqueIdentifier>
    </Filter>
    <Filter Include="98. Mgr\02. KeyMgr">
      <UniqueIdentifier>{0ec3be74-9cda-4818-b049-f3d9175988b2}</UniqueIdentifier>
    </Filter>
    <Filter Include="98. Mgr\03. CollisionMgr">
      <UniqueIdentifier>{6429dfc7-b1fe-4316-9447-f245fefa9583}</UniqueIdentifier>
    </Filter>
    <Filter Include="98. Mgr\04. LineMgr_JUN">
      <UniqueIdentifier>{cd431117-ab98-4817-bb1f-e65f6724ebc2}</UniqueIdentifier>
    </Filter>
    <Filter Include="98. Mgr\04. LineMgr_JUN\00. JUNLine">
      <UniqueIdentifier>{0ac674d2-5c3c-4afa-8306-ad0f0ee8dd01}</UniqueIdentifier>
    </Filter>
    <Filter Include="98. Mgr\04. LineMgr_JUN\01. LongLine_JUN">
      <UniqueIdentifier>{2ef19b16-2e1d-4d1b-8f74-320631d26f1a}</UniqueIdentifier>
    </Filter>
    <Filter Include="98. Mgr\06. SceneMgr">
      <UniqueIdentifier>{b69eab2a-1f36-40d9-8c6f-8317cc722ca2}</UniqueIdentifier>
    </Filter>
    <Filter Include="98. Mgr\07. ScrollMgr">
      <UniqueIdentifier>{8cd567ef-ce10-4c0e-acd5-1470435d7d8f}</UniqueIdentifier>
    </Filter>
    <Filter Include="98. Mgr\08. RandMgr">
      <UniqueIdentifier>{223267f3-5976-4891-83e4-23a1ea3cf822}</UniqueIdentifier>
    </Filter>
    <Filter Include="98. Mgr\09. TileMgr_SON">
      <UniqueIdentifier>{0fe3ca0c-e44c-412a-b238-af9cbf073935}</UniqueIdentifier>
    </Filter>
    <Filter Include="98. Mgr\05. LineMgr_SEOK">
      <UniqueIdentifier>{9b135383-4173-405f-bce1-59c5501bdcbf}</UniqueIdentifier>
    </Filter>
    <Filter Include="98. Mgr\05. LineMgr_SEOK\00. Line">
      <UniqueIdentifier>{dac6b08d-1737-4252-b3b9-a8f0ad328d47}</UniqueIdentifier>
    </Filter>
    <Filter Include="01. Obj\05. Tile">
      <UniqueIdentifier>{d918fb02-e61f-4aa9-b468-4cb5a71cfd9e}</UniqueIdentifier>
    </Filter>
    <Filter Include="97. UI">
      <UniqueIdentifier>{925b1d27-fb1c-4eee-b9d0-32b554a37b9e}</UniqueIdentifier>
    </Filter>
    <Filter Include="98. Mgr\10. UIMgr">
      <UniqueIdentifier>{3f60dca7-2b63-4138-89bf-3f42d009e640}</UniqueIdentifier>
    </Filter>
    <Filter Include="98. Mgr\11. Timer">
      <UniqueIdentifier>{db1713ae-5184-4a5c-b87e-36294712ec99}</UniqueIdentifier>
    </Filter>
    <Filter Include="리소스">
      <UniqueIdentifier>{e3e89b72-86a5-45a6-9cfe-e6767148e69c}</UniqueIdentifier>
    </Filter>
    <Filter Include="소스">
      <UniqueIdentifier>{c0e884c7-e00c-4294-9eb5-e2d8b210a10a}</UniqueIdentifier>
    </Filter>
    <Filter Include="헤더">
      <UniqueIdentifier>{d77c2d67-d282-4c81-9bf3-d6e7a296c161}</UniqueIdentifier>
    </Filter>
    <Filter Include="96. MyBmp">
      <UniqueIdentifier>{a2f30f86-005e-43d2-939f-818716d16182}</UniqueIdentifier>
    </Filter>
    <Filter Include="96. MyBmp\00. BmpMgr">
      <UniqueIdentifier>{dfddf991-9fdc-4f5e-96e8-71ef8b39a4ad}</UniqueIdentifier>
    </Filter>
    <Filter Include="01. Obj\06. Button">
      <UniqueIdentifier>{d789dd29-0aa5-4075-85a7-4e17016ec1fc}</UniqueIdentifier>
    </Filter>
  </ItemGroup>
  <ItemGroup>
    <ResourceCompile Include="Team3.rc">
      <Filter>리소스</Filter>
    </ResourceCompile>
  </ItemGroup>
</Project>